github.com/coreos/go-systemd/v22 v22.5.0 h1:RrqgGjYQKalulkV8NGVIfkXQf6YYmOyiJKk8iXXhfZs=
github.com/coreos/go-systemd/v22 v22.5.0/go.mod h1:Y58oyj3AT4RCenI/lSvhwexgC+NSVTIJ3seZv2GcEnc=
github.com/godbus/dbus/v5 v5.0.4 h1:9349emZab16e7zQvpmsbtjc18ykshndd8y2PG3sgJbA=
github.com/godbus/dbus/v5 v5.0.4/go.mod h1:xhWf0FNVPg57R7Z0UbKHbJfkEywrmjJnf7w5xrFpKfA=
github.com/rpcox/pkg/exit v0.1.2 h1:645FM2f3agfuXJ3MjRkqhtxraTl3eHzaK4WDe1Jh5kM=
github.com/rpcox/pkg/exit v0.1.2/go.mod h1:kYDbQ8f3aT9uJGeioXy/Dd1OVrIN095Pw28eKFzknl8=
github.com/rpcox/pkg/exit v0.1.3 h1:J0+TkY95KI6IC48amBU8tuYmWluDBSSfpcmjrTyDh28=
github.com/rpcox/pkg/exit v0.1.3/go.mod h1:kYDbQ8f3aT9uJGeioXy/Dd1OVrIN095Pw28eKFzknl8=
